// !$*UTF8*$!
{
	archiveVersion = 1;
	classes = {
	};
	objectVersion = 46;
	objects = {

/* Begin PBXBuildFile section */
		67D2E236B0E0C0146DD2ED31 /* Pods_CreditCardForm.framework in Frameworks */ = {isa = PBXBuildFile; fileRef = A9BAF778973457F473ACD504 /* Pods_CreditCardForm.framework */; };
		8EC722371DE83E5A0035DBB6 /* LaunchScreen.storyboard in Resources */ = {isa = PBXBuildFile; fileRef = 8EC722331DE83E5A0035DBB6 /* LaunchScreen.storyboard */; };
		8EC722381DE83E5A0035DBB6 /* Main.storyboard in Resources */ = {isa = PBXBuildFile; fileRef = 8EC722351DE83E5A0035DBB6 /* Main.storyboard */; };
		8EC7223C1DE840510035DBB6 /* AppDelegate.swift in Sources */ = {isa = PBXBuildFile; fileRef = 8EC7223A1DE840510035DBB6 /* AppDelegate.swift */; };
		8EC7223D1DE840510035DBB6 /* ViewController.swift in Sources */ = {isa = PBXBuildFile; fileRef = 8EC7223B1DE840510035DBB6 /* ViewController.swift */; };
		8EC7223F1DE840870035DBB6 /* Assets.xcassets in Resources */ = {isa = PBXBuildFile; fileRef = 8EC7223E1DE840870035DBB6 /* Assets.xcassets */; };
/* End PBXBuildFile section */

/* Begin PBXFileReference section */
		4CB4EA379CFD48C667395E82 /* Pods-CreditCardForum.release.xcconfig */ = {isa = PBXFileReference; includeInIndex = 1; lastKnownFileType = text.xcconfig; name = "Pods-CreditCardForum.release.xcconfig"; path = "Pods/Target Support Files/Pods-CreditCardForum/Pods-CreditCardForum.release.xcconfig"; sourceTree = "<group>"; };
		7D3C519275B30E799C1B052A /* Pods-CreditCardForm.release.xcconfig */ = {isa = PBXFileReference; includeInIndex = 1; lastKnownFileType = text.xcconfig; name = "Pods-CreditCardForm.release.xcconfig"; path = "Pods/Target Support Files/Pods-CreditCardForm/Pods-CreditCardForm.release.xcconfig"; sourceTree = "<group>"; };
		8EC722341DE83E5A0035DBB6 /* Base */ = {isa = PBXFileReference; lastKnownFileType = file.storyboard; name = Base; path = CreditCardForm/Base.lproj/LaunchScreen.storyboard; sourceTree = SOURCE_ROOT; };
		8EC722361DE83E5A0035DBB6 /* Base */ = {isa = PBXFileReference; lastKnownFileType = file.storyboard; name = Base; path = CreditCardForm/Base.lproj/Main.storyboard; sourceTree = SOURCE_ROOT; };
		8EC722391DE83F650035DBB6 /* Assets.xcassets */ = {isa = PBXFileReference; lastKnownFileType = folder.assetcatalog; name = Assets.xcassets; path = CreditCardForm/Assets.xcassets; sourceTree = "<group>"; };
		8EC7223A1DE840510035DBB6 /* AppDelegate.swift */ = {isa = PBXFileReference; fileEncoding = 4; lastKnownFileType = sourcecode.swift; name = AppDelegate.swift; path = CreditCardForm/AppDelegate.swift; sourceTree = SOURCE_ROOT; };
		8EC7223B1DE840510035DBB6 /* ViewController.swift */ = {isa = PBXFileReference; fileEncoding = 4; lastKnownFileType = sourcecode.swift; name = ViewController.swift; path = CreditCardForm/ViewController.swift; sourceTree = SOURCE_ROOT; };
		8EC7223E1DE840870035DBB6 /* Assets.xcassets */ = {isa = PBXFileReference; lastKnownFileType = folder.assetcatalog; name = Assets.xcassets; path = CreditCardForm/Assets.xcassets; sourceTree = SOURCE_ROOT; };
		8ED7D0301DCDFE150054EF92 /* CreditCardForm.app */ = {isa = PBXFileReference; explicitFileType = wrapper.application; includeInIndex = 0; path = CreditCardForm.app; sourceTree = BUILT_PRODUCTS_DIR; };
		8ED7D03F1DCDFE150054EF92 /* Info.plist */ = {isa = PBXFileReference; lastKnownFileType = text.plist; name = Info.plist; path = CreditCardForm/Info.plist; sourceTree = "<group>"; };
		A4B40C851B73C5AB21720CD9 /* Pods-CreditCardForm.debug.xcconfig */ = {isa = PBXFileReference; includeInIndex = 1; lastKnownFileType = text.xcconfig; name = "Pods-CreditCardForm.debug.xcconfig"; path = "Pods/Target Support Files/Pods-CreditCardForm/Pods-CreditCardForm.debug.xcconfig"; sourceTree = "<group>"; };
		A9BAF778973457F473ACD504 /* Pods_CreditCardForm.framework */ = {isa = PBXFileReference; explicitFileType = wrapper.framework; includeInIndex = 0; path = Pods_CreditCardForm.framework; sourceTree = BUILT_PRODUCTS_DIR; };
		B9923DF5116039C518BA404D /* Pods-CreditCardForum.debug.xcconfig */ = {isa = PBXFileReference; includeInIndex = 1; lastKnownFileType = text.xcconfig; name = "Pods-CreditCardForum.debug.xcconfig"; path = "Pods/Target Support Files/Pods-CreditCardForum/Pods-CreditCardForum.debug.xcconfig"; sourceTree = "<group>"; };
		D79D76106D8AC3F80B5CF998 /* Pods_CreditCardForum.framework */ = {isa = PBXFileReference; explicitFileType = wrapper.framework; includeInIndex = 0; path = Pods_CreditCardForum.framework; sourceTree = BUILT_PRODUCTS_DIR; };
/* End PBXFileReference section */

/* Begin PBXFrameworksBuildPhase section */
		8ED7D02D1DCDFE150054EF92 /* Frameworks */ = {
			isa = PBXFrameworksBuildPhase;
			buildActionMask = 2147483647;
			files = (
				67D2E236B0E0C0146DD2ED31 /* Pods_CreditCardForm.framework in Frameworks */,
			);
			runOnlyForDeploymentPostprocessing = 0;
		};
/* End PBXFrameworksBuildPhase section */

/* Begin PBXGroup section */
		8058B8B3651631BA3148D9E1 /* Pods */ = {
			isa = PBXGroup;
			children = (
				B9923DF5116039C518BA404D /* Pods-CreditCardForum.debug.xcconfig */,
				4CB4EA379CFD48C667395E82 /* Pods-CreditCardForum.release.xcconfig */,
				A4B40C851B73C5AB21720CD9 /* Pods-CreditCardForm.debug.xcconfig */,
				7D3C519275B30E799C1B052A /* Pods-CreditCardForm.release.xcconfig */,
			);
			name = Pods;
			sourceTree = "<group>";
		};
		8ED7D0271DCDFE150054EF92 = {
			isa = PBXGroup;
			children = (
				8EC722391DE83F650035DBB6 /* Assets.xcassets */,
				8ED7D0321DCDFE150054EF92 /* CreditCardForm */,
				8ED7D0311DCDFE150054EF92 /* Products */,
				8058B8B3651631BA3148D9E1 /* Pods */,
				C0D7F4FEAB3479C68B0FD050 /* Frameworks */,
			);
			sourceTree = "<group>";
		};
		8ED7D0311DCDFE150054EF92 /* Products */ = {
			isa = PBXGroup;
			children = (
				8ED7D0301DCDFE150054EF92 /* CreditCardForm.app */,
			);
			name = Products;
			sourceTree = "<group>";
		};
		8ED7D0321DCDFE150054EF92 /* CreditCardForm */ = {
			isa = PBXGroup;
			children = (
				8EC7223A1DE840510035DBB6 /* AppDelegate.swift */,
				8EC7223B1DE840510035DBB6 /* ViewController.swift */,
				8EC7223E1DE840870035DBB6 /* Assets.xcassets */,
				8ED7D03F1DCDFE150054EF92 /* Info.plist */,
				8EC722331DE83E5A0035DBB6 /* LaunchScreen.storyboard */,
				8EC722351DE83E5A0035DBB6 /* Main.storyboard */,
			);
			name = CreditCardForm;
			path = CreditCardForum;
			sourceTree = "<group>";
		};
		C0D7F4FEAB3479C68B0FD050 /* Frameworks */ = {
			isa = PBXGroup;
			children = (
				D79D76106D8AC3F80B5CF998 /* Pods_CreditCardForum.framework */,
				A9BAF778973457F473ACD504 /* Pods_CreditCardForm.framework */,
			);
			name = Frameworks;
			sourceTree = "<group>";
		};
/* End PBXGroup section */

/* Begin PBXNativeTarget section */
		8ED7D02F1DCDFE150054EF92 /* CreditCardForm */ = {
			isa = PBXNativeTarget;
			buildConfigurationList = 8ED7D0421DCDFE150054EF92 /* Build configuration list for PBXNativeTarget "CreditCardForm" */;
			buildPhases = (
				85E278AF2374324EAC32E61C /* [CP] Check Pods Manifest.lock */,
				8ED7D02C1DCDFE150054EF92 /* Sources */,
				8ED7D02D1DCDFE150054EF92 /* Frameworks */,
				8ED7D02E1DCDFE150054EF92 /* Resources */,
				BF4CEC89B5C1AD0059B9105E /* [CP] Embed Pods Frameworks */,
				A91FD4B9146972F008673A3E /* [CP] Copy Pods Resources */,
			);
			buildRules = (
			);
			dependencies = (
			);
			name = CreditCardForm;
			productName = CreditCardForum;
			productReference = 8ED7D0301DCDFE150054EF92 /* CreditCardForm.app */;
			productType = "com.apple.product-type.application";
		};
/* End PBXNativeTarget section */

/* Begin PBXProject section */
		8ED7D0281DCDFE150054EF92 /* Project object */ = {
			isa = PBXProject;
			attributes = {
				LastSwiftUpdateCheck = 0800;
				LastUpgradeCheck = 0800;
				ORGANIZATIONNAME = Veriloft;
				TargetAttributes = {
					8ED7D02F1DCDFE150054EF92 = {
						CreatedOnToolsVersion = 8.0;
						DevelopmentTeam = 683U48NZTT;
						LastSwiftMigration = 0820;
						ProvisioningStyle = Automatic;
					};
				};
			};
			buildConfigurationList = 8ED7D02B1DCDFE150054EF92 /* Build configuration list for PBXProject "CreditCardForm" */;
			compatibilityVersion = "Xcode 3.2";
			developmentRegion = English;
			hasScannedForEncodings = 0;
			knownRegions = (
				en,
				Base,
			);
			mainGroup = 8ED7D0271DCDFE150054EF92;
			productRefGroup = 8ED7D0311DCDFE150054EF92 /* Products */;
			projectDirPath = "";
			projectRoot = "";
			targets = (
				8ED7D02F1DCDFE150054EF92 /* CreditCardForm */,
			);
		};
/* End PBXProject section */

/* Begin PBXResourcesBuildPhase section */
		8ED7D02E1DCDFE150054EF92 /* Resources */ = {
			isa = PBXResourcesBuildPhase;
			buildActionMask = 2147483647;
			files = (
				8EC722381DE83E5A0035DBB6 /* Main.storyboard in Resources */,
				8EC7223F1DE840870035DBB6 /* Assets.xcassets in Resources */,
				8EC722371DE83E5A0035DBB6 /* LaunchScreen.storyboard in Resources */,
			);
			runOnlyForDeploymentPostprocessing = 0;
		};
/* End PBXResourcesBuildPhase section */

/* Begin PBXShellScriptBuildPhase section */
		85E278AF2374324EAC32E61C /* [CP] Check Pods Manifest.lock */ = {
			isa = PBXShellScriptBuildPhase;
			buildActionMask = 2147483647;
			files = (
			);
			inputPaths = (
			);
			name = "[CP] Check Pods Manifest.lock";
			outputPaths = (
			);
			runOnlyForDeploymentPostprocessing = 0;
			shellPath = /bin/sh;
			shellScript = "diff \"${PODS_ROOT}/../Podfile.lock\" \"${PODS_ROOT}/Manifest.lock\" > /dev/null\nif [ $? != 0 ] ; then\n    # print error to STDERR\n    echo \"error: The sandbox is not in sync with the Podfile.lock. Run 'pod install' or update your CocoaPods installation.\" >&2\n    exit 1\nfi\n";
			showEnvVarsInLog = 0;
		};
		A91FD4B9146972F008673A3E /* [CP] Copy Pods Resources */ = {
			isa = PBXShellScriptBuildPhase;
			buildActionMask = 2147483647;
			files = (
			);
			inputPaths = (
			);
			name = "[CP] Copy Pods Resources";
			outputPaths = (
			);
			runOnlyForDeploymentPostprocessing = 0;
			shellPath = /bin/sh;
			shellScript = "\"${SRCROOT}/Pods/Target Support Files/Pods-CreditCardForm/Pods-CreditCardForm-resources.sh\"\n";
			showEnvVarsInLog = 0;
		};
		BF4CEC89B5C1AD0059B9105E /* [CP] Embed Pods Frameworks */ = {
			isa = PBXShellScriptBuildPhase;
			buildActionMask = 2147483647;
			files = (
			);
			inputPaths = (
			);
			name = "[CP] Embed Pods Frameworks";
			outputPaths = (
			);
			runOnlyForDeploymentPostprocessing = 0;
			shellPath = /bin/sh;
			shellScript = "\"${SRCROOT}/Pods/Target Support Files/Pods-CreditCardForm/Pods-CreditCardForm-frameworks.sh\"\n";
			showEnvVarsInLog = 0;
		};
/* End PBXShellScriptBuildPhase section */

/* Begin PBXSourcesBuildPhase section */
		8ED7D02C1DCDFE150054EF92 /* Sources */ = {
			isa = PBXSourcesBuildPhase;
			buildActionMask = 2147483647;
			files = (
				8EC7223D1DE840510035DBB6 /* ViewController.swift in Sources */,
				8EC7223C1DE840510035DBB6 /* AppDelegate.swift in Sources */,
			);
			runOnlyForDeploymentPostprocessing = 0;
		};
/* End PBXSourcesBuildPhase section */

/* Begin PBXVariantGroup section */
		8EC722331DE83E5A0035DBB6 /* LaunchScreen.storyboard */ = {
			isa = PBXVariantGroup;
			children = (
				8EC722341DE83E5A0035DBB6 /* Base */,
			);
			name = LaunchScreen.storyboard;
			sourceTree = "<group>";
		};
		8EC722351DE83E5A0035DBB6 /* Main.storyboard */ = {
			isa = PBXVariantGroup;
			children = (
				8EC722361DE83E5A0035DBB6 /* Base */,
			);
			name = Main.storyboard;
			sourceTree = "<group>";
		};
/* End PBXVariantGroup section */

/* Begin XCBuildConfiguration section */
		8ED7D0401DCDFE150054EF92 /* Debug */ = {
			isa = XCBuildConfiguration;
			buildSettings = {
				ALWAYS_SEARCH_USER_PATHS = NO;
				CLANG_ANALYZER_NONNULL = YES;
				CLANG_CXX_LANGUAGE_STANDARD = "gnu++0x";
				CLANG_CXX_LIBRARY = "libc++";
				CLANG_ENABLE_MODULES = YES;
				CLANG_ENABLE_OBJC_ARC = YES;
				CLANG_WARN_BOOL_CONVERSION = YES;
				CLANG_WARN_CONSTANT_CONVERSION = YES;
				CLANG_WARN_DIRECT_OBJC_ISA_USAGE = YES_ERROR;
				CLANG_WARN_DOCUMENTATION_COMMENTS = YES;
				CLANG_WARN_EMPTY_BODY = YES;
				CLANG_WARN_ENUM_CONVERSION = YES;
				CLANG_WARN_INFINITE_RECURSION = YES;
				CLANG_WARN_INT_CONVERSION = YES;
				CLANG_WARN_OBJC_ROOT_CLASS = YES_ERROR;
				CLANG_WARN_SUSPICIOUS_MOVES = YES;
				CLANG_WARN_UNREACHABLE_CODE = YES;
				CLANG_WARN__DUPLICATE_METHOD_MATCH = YES;
				"CODE_SIGN_IDENTITY[sdk=iphoneos*]" = "iPhone Developer";
				COPY_PHASE_STRIP = NO;
				DEBUG_INFORMATION_FORMAT = dwarf;
				ENABLE_STRICT_OBJC_MSGSEND = YES;
				ENABLE_TESTABILITY = YES;
				GCC_C_LANGUAGE_STANDARD = gnu99;
				GCC_DYNAMIC_NO_PIC = NO;
				GCC_NO_COMMON_BLOCKS = YES;
				GCC_OPTIMIZATION_LEVEL = 0;
				GCC_PREPROCESSOR_DEFINITIONS = (
					"DEBUG=1",
					"$(inherited)",
				);
				GCC_WARN_64_TO_32_BIT_CONVERSION = YES;
				GCC_WARN_ABOUT_RETURN_TYPE = YES_ERROR;
				GCC_WARN_UNDECLARED_SELECTOR = YES;
				GCC_WARN_UNINITIALIZED_AUTOS = YES_AGGRESSIVE;
				GCC_WARN_UNUSED_FUNCTION = YES;
				GCC_WARN_UNUSED_VARIABLE = YES;
				IPHONEOS_DEPLOYMENT_TARGET = 10.0;
				MTL_ENABLE_DEBUG_INFO = YES;
				ONLY_ACTIVE_ARCH = YES;
				SDKROOT = iphoneos;
				SWIFT_ACTIVE_COMPILATION_CONDITIONS = DEBUG;
				SWIFT_OPTIMIZATION_LEVEL = "-Onone";
				TARGETED_DEVICE_FAMILY = "1,2";
			};
			name = Debug;
		};
		8ED7D0411DCDFE150054EF92 /* Release */ = {
			isa = XCBuildConfiguration;
			buildSettings = {
				ALWAYS_SEARCH_USER_PATHS = NO;
				CLANG_ANALYZER_NONNULL = YES;
				CLANG_CXX_LANGUAGE_STANDARD = "gnu++0x";
				CLANG_CXX_LIBRARY = "libc++";
				CLANG_ENABLE_MODULES = YES;
				CLANG_ENABLE_OBJC_ARC = YES;
				CLANG_WARN_BOOL_CONVERSION = YES;
				CLANG_WARN_CONSTANT_CONVERSION = YES;
				CLANG_WARN_DIRECT_OBJC_ISA_USAGE = YES_ERROR;
				CLANG_WARN_DOCUMENTATION_COMMENTS = YES;
				CLANG_WARN_EMPTY_BODY = YES;
				CLANG_WARN_ENUM_CONVERSION = YES;
				CLANG_WARN_INFINITE_RECURSION = YES;
				CLANG_WARN_INT_CONVERSION = YES;
				CLANG_WARN_OBJC_ROOT_CLASS = YES_ERROR;
				CLANG_WARN_SUSPICIOUS_MOVES = YES;
				CLANG_WARN_UNREACHABLE_CODE = YES;
				CLANG_WARN__DUPLICATE_METHOD_MATCH = YES;
				"CODE_SIGN_IDENTITY[sdk=iphoneos*]" = "iPhone Developer";
				COPY_PHASE_STRIP = NO;
				DEBUG_INFORMATION_FORMAT = "dwarf-with-dsym";
				ENABLE_NS_ASSERTIONS = NO;
				ENABLE_STRICT_OBJC_MSGSEND = YES;
				GCC_C_LANGUAGE_STANDARD = gnu99;
				GCC_NO_COMMON_BLOCKS = YES;
				GCC_WARN_64_TO_32_BIT_CONVERSION = YES;
				GCC_WARN_ABOUT_RETURN_TYPE = YES_ERROR;
				GCC_WARN_UNDECLARED_SELECTOR = YES;
				GCC_WARN_UNINITIALIZED_AUTOS = YES_AGGRESSIVE;
				GCC_WARN_UNUSED_FUNCTION = YES;
				GCC_WARN_UNUSED_VARIABLE = YES;
				IPHONEOS_DEPLOYMENT_TARGET = 10.0;
				MTL_ENABLE_DEBUG_INFO = NO;
				SDKROOT = iphoneos;
				SWIFT_OPTIMIZATION_LEVEL = "-Owholemodule";
				TARGETED_DEVICE_FAMILY = "1,2";
				VALIDATE_PRODUCT = YES;
			};
			name = Release;
		};
		8ED7D0431DCDFE150054EF92 /* Debug */ = {
			isa = XCBuildConfiguration;
			baseConfigurationReference = A4B40C851B73C5AB21720CD9 /* Pods-CreditCardForm.debug.xcconfig */;
			buildSettings = {
				ASSETCATALOG_COMPILER_APPICON_NAME = AppIcon;
				CLANG_ENABLE_MODULES = YES;
				DEVELOPMENT_TEAM = 683U48NZTT;
				INFOPLIST_FILE = "$(SRCROOT)/CreditCardForm/Info.plist";
				LD_RUNPATH_SEARCH_PATHS = "$(inherited) @executable_path/Frameworks";
				PRODUCT_BUNDLE_IDENTIFIER = com.veriloft.CreditCardForum;
				PRODUCT_NAME = "$(TARGET_NAME)";
				SWIFT_OPTIMIZATION_LEVEL = "-Onone";
				SWIFT_VERSION = 3.0;
			};
			name = Debug;
		};
		8ED7D0441DCDFE150054EF92 /* Release */ = {
			isa = XCBuildConfiguration;
			baseConfigurationReference = 7D3C519275B30E799C1B052A /* Pods-CreditCardForm.release.xcconfig */;
			buildSettings = {
				ASSETCATALOG_COMPILER_APPICON_NAME = AppIcon;
				CLANG_ENABLE_MODULES = YES;
				DEVELOPMENT_TEAM = 683U48NZTT;
				INFOPLIST_FILE = "$(SRCROOT)/CreditCardForm/Info.plist";
				LD_RUNPATH_SEARCH_PATHS = "$(inherited) @executable_path/Frameworks";
				PRODUCT_BUNDLE_IDENTIFIER = com.veriloft.CreditCardForum;
				PRODUCT_NAME = "$(TARGET_NAME)";
				SWIFT_VERSION = 3.0;
			};
			name = Release;
		};
/* End XCBuildConfiguration section */

/* Begin XCConfigurationList section */
		8ED7D02B1DCDFE150054EF92 /* Build configuration list for PBXProject "CreditCardForm" */ = {
			isa = XCConfigurationList;
			buildConfigurations = (
				8ED7D0401DCDFE150054EF92 /* Debug */,
				8ED7D0411DCDFE150054EF92 /* Release */,
			);
			defaultConfigurationIsVisible = 0;
			defaultConfigurationName = Release;
		};
		8ED7D0421DCDFE150054EF92 /* Build configuration list for PBXNativeTarget "CreditCardForm" */ = {
			isa = XCConfigurationList;
			buildConfigurations = (
				8ED7D0431DCDFE150054EF92 /* Debug */,
				8ED7D0441DCDFE150054EF92 /* Release */,
			);
			defaultConfigurationIsVisible = 0;
			defaultConfigurationName = Release;
		};
/* End XCConfigurationList section */
	};
	rootObject = 8ED7D0281DCDFE150054EF92 /* Project object */;
}
