PODS:
  - CreditCardForm (0.1.4)
  - Stripe (11.4.0)

DEPENDENCIES:
  - CreditCardForm
  - Stripe

SPEC CHECKSUMS:
  CreditCardForm: 29bf8f9af0463c99c7cb88a88d2412f5d1c91cca
  Stripe: dc8396620ab86a36221fc8df72ba9f5d317d174c

PODFILE CHECKSUM: 1a6c9313c16f64ab5b276822f7a971ccea3a5116

COCOAPODS: 1.3.1
