PODS:
  - CreditCardForm (0.1.9)
  - Stripe (14.0.0)

DEPENDENCIES:
  - CreditCardForm (from `https://github.com/orazz/CreditCardForm-iOS`, branch `master`)
  - Stripe

SPEC REPOS:
  https://github.com/CocoaPods/Specs.git:
    - Stripe

EXTERNAL SOURCES:
  CreditCardForm:
    :branch: master
    :git: https://github.com/orazz/CreditCardForm-iOS

CHECKOUT OPTIONS:
  CreditCardForm:
    :commit: 12a32f59c073ca6f437324754c698c83a339df22
    :git: https://github.com/orazz/CreditCardForm-iOS

SPEC CHECKSUMS:
  CreditCardForm: 2cf641d05f18a5edf6e42ae3e3f7e854695e0223
  Stripe: db29ad197c74aca6fb981e4e8355cf7ebd0fca5a

PODFILE CHECKSUM: b70fd5f5c314cafe698f9253d5a630d5a098ec25

COCOAPODS: 1.5.0
