PODS:
  - CreditCardForm (0.2.0)
  - Stripe (17.0.3)

DEPENDENCIES:
  - CreditCardForm (from `https://github.com/orazz/CreditCardForm-iOS`, branch `master`)
  - Stripe

SPEC REPOS:
  trunk:
    - Stripe

EXTERNAL SOURCES:
  CreditCardForm:
    :branch: master
    :git: https://github.com/orazz/CreditCardForm-iOS

CHECKOUT OPTIONS:
  CreditCardForm:
    :commit: dbafedcf6ecebb7d6c6b75d1f3bc8787a95e5b10
    :git: https://github.com/orazz/CreditCardForm-iOS

SPEC CHECKSUMS:
  CreditCardForm: bba4aad545236f97f2dc45ea3bed0cb57d5e0e99
  Stripe: 30ba9a2ac7297e93de561fed695222ef980ee521

PODFILE CHECKSUM: b70fd5f5c314cafe698f9253d5a630d5a098ec25

COCOAPODS: 1.8.4
