PODS:
  - AKMaskField (2.0.1)
  - CreditCardValidator (0.3.2)
  - Stripe (8.0.7)

DEPENDENCIES:
  - AKMaskField (from `https://github.com/artemkrachulov/AKMaskField.git`, tag `v2.0.1`)
  - CreditCardValidator
  - Stripe

EXTERNAL SOURCES:
  AKMaskField:
    :git: https://github.com/artemkrachulov/AKMaskField.git
    :tag: v2.0.1

CHECKOUT OPTIONS:
  AKMaskField:
    :git: https://github.com/artemkrachulov/AKMaskField.git
    :tag: v2.0.1

SPEC CHECKSUMS:
  AKMaskField: cf9e98c5ebd459998f5db1bdc6e810479a865063
  CreditCardValidator: f2e0fc0f273e3f303513d35745df23d336eb1d67
  Stripe: 2bb9646115745d0ee8c7799e6872c57ba5dc6cc5

PODFILE CHECKSUM: 52647c88b71ca77c6f2e3325345490e01c88351e

COCOAPODS: 1.1.0.rc.2
